{
  "version": "3",
  "packages": {
    "specifiers": {
      "jsr:@std/assert@^0.225.3": "jsr:@std/assert@0.225.3",
      "jsr:@std/cli@^0.224.3": "jsr:@std/cli@0.224.3",
      "npm:marked@^12.0.0": "npm:marked@12.0.2"
    },
    "jsr": {
      "@std/assert@0.225.3": {
        "integrity": "b3c2847aecf6955b50644cdb9cf072004ea3d1998dd7579fc0acb99dbb23bd4f"
      },
      "@std/cli@0.224.3": {
        "integrity": "54fd879e24b738f6812dcc75bcae1534ba8f014245064ceae1bcfc2996c06d44",
        "dependencies": [
          "jsr:@std/assert@^0.225.3"
        ]
      }
    },
    "npm": {
      "marked@12.0.2": {
        "integrity": "sha512-qXUm7e/YKFoqFPYPa3Ukg9xlI5cyAtGmyEIzMfW//m6kXwCy2Ps9DYf5ioijFKQ8qyuscrHoY04iJGctu2Kg0Q==",
        "dependencies": {}
      }
    }
  },
  "remote": {},
  "workspace": {
    "dependencies": [
      "jsr:@std/cli@^0.224.3",
      "npm:marked@^12.0.0"
    ]
  }
}
